// !$*UTF8*$!
{
	archiveVersion = 1;
	classes = {
	};
	objectVersion = 56;
	objects = {

/* Begin PBXBuildFile section */
		A206BA182A4547A7007592D4 /* AppDelegate.swift in Sources */ = {isa = PBXBuildFile; fileRef = A206BA172A4547A7007592D4 /* AppDelegate.swift */; };
		A206BA1A2A4547A7007592D4 /* SceneDelegate.swift in Sources */ = {isa = PBXBuildFile; fileRef = A206BA192A4547A7007592D4 /* SceneDelegate.swift */; };
		A206BA1F2A4547A7007592D4 /* Main.storyboard in Resources */ = {isa = PBXBuildFile; fileRef = A206BA1D2A4547A7007592D4 /* Main.storyboard */; };
		A206BA212A4547A8007592D4 /* Assets.xcassets in Resources */ = {isa = PBXBuildFile; fileRef = A206BA202A4547A8007592D4 /* Assets.xcassets */; };
		A206BA242A4547A8007592D4 /* LaunchScreen.storyboard in Resources */ = {isa = PBXBuildFile; fileRef = A206BA222A4547A8007592D4 /* LaunchScreen.storyboard */; };
		A206BA2C2A454C10007592D4 /* SearchTableViewController.swift in Sources */ = {isa = PBXBuildFile; fileRef = A206BA2B2A454C10007592D4 /* SearchTableViewController.swift */; };
		A24C750A2A459C66008AFF91 /* DetailLifeFormViewController.swift in Sources */ = {isa = PBXBuildFile; fileRef = A24C75092A459C66008AFF91 /* DetailLifeFormViewController.swift */; };
		A24C750C2A45BB8F008AFF91 /* SearchModels.swift in Sources */ = {isa = PBXBuildFile; fileRef = A24C750B2A45BB8F008AFF91 /* SearchModels.swift */; };
		A24C750E2A45BBFC008AFF91 /* SearchModelsController.swift in Sources */ = {isa = PBXBuildFile; fileRef = A24C750D2A45BBFC008AFF91 /* SearchModelsController.swift */; };
/* End PBXBuildFile section */

/* Begin PBXFileReference section */
		A206BA142A4547A7007592D4 /* LifeFormSearcher.app */ = {isa = PBXFileReference; explicitFileType = wrapper.application; includeInIndex = 0; path = LifeFormSearcher.app; sourceTree = BUILT_PRODUCTS_DIR; };
		A206BA172A4547A7007592D4 /* AppDelegate.swift */ = {isa = PBXFileReference; lastKnownFileType = sourcecode.swift; path = AppDelegate.swift; sourceTree = "<group>"; };
		A206BA192A4547A7007592D4 /* SceneDelegate.swift */ = {isa = PBXFileReference; lastKnownFileType = sourcecode.swift; path = SceneDelegate.swift; sourceTree = "<group>"; };
		A206BA1E2A4547A7007592D4 /* Base */ = {isa = PBXFileReference; lastKnownFileType = file.storyboard; name = Base; path = Base.lproj/Main.storyboard; sourceTree = "<group>"; };
		A206BA202A4547A8007592D4 /* Assets.xcassets */ = {isa = PBXFileReference; lastKnownFileType = folder.assetcatalog; path = Assets.xcassets; sourceTree = "<group>"; };
		A206BA232A4547A8007592D4 /* Base */ = {isa = PBXFileReference; lastKnownFileType = file.storyboard; name = Base; path = Base.lproj/LaunchScreen.storyboard; sourceTree = "<group>"; };
		A206BA252A4547A8007592D4 /* Info.plist */ = {isa = PBXFileReference; lastKnownFileType = text.plist.xml; path = Info.plist; sourceTree = "<group>"; };
		A206BA2B2A454C10007592D4 /* SearchTableViewController.swift */ = {isa = PBXFileReference; lastKnownFileType = sourcecode.swift; path = SearchTableViewController.swift; sourceTree = "<group>"; };
		A24C75092A459C66008AFF91 /* DetailLifeFormViewController.swift */ = {isa = PBXFileReference; lastKnownFileType = sourcecode.swift; path = DetailLifeFormViewController.swift; sourceTree = "<group>"; };
		A24C750B2A45BB8F008AFF91 /* SearchModels.swift */ = {isa = PBXFileReference; lastKnownFileType = sourcecode.swift; path = SearchModels.swift; sourceTree = "<group>"; };
		A24C750D2A45BBFC008AFF91 /* SearchModelsController.swift */ = {isa = PBXFileReference; lastKnownFileType = sourcecode.swift; path = SearchModelsController.swift; sourceTree = "<group>"; };
/* End PBXFileReference section */

/* Begin PBXFrameworksBuildPhase section */
		A206BA112A4547A7007592D4 /* Frameworks */ = {
			isa = PBXFrameworksBuildPhase;
			buildActionMask = 2147483647;
			files = (
			);
			runOnlyForDeploymentPostprocessing = 0;
		};
/* End PBXFrameworksBuildPhase section */

/* Begin PBXGroup section */
		A206BA0B2A4547A7007592D4 = {
			isa = PBXGroup;
			children = (
				A206BA162A4547A7007592D4 /* LifeFormSearcher */,
				A206BA152A4547A7007592D4 /* Products */,
			);
			sourceTree = "<group>";
		};
		A206BA152A4547A7007592D4 /* Products */ = {
			isa = PBXGroup;
			children = (
				A206BA142A4547A7007592D4 /* LifeFormSearcher.app */,
			);
			name = Products;
			sourceTree = "<group>";
		};
		A206BA162A4547A7007592D4 /* LifeFormSearcher */ = {
			isa = PBXGroup;
			children = (
				A206BA172A4547A7007592D4 /* AppDelegate.swift */,
				A206BA192A4547A7007592D4 /* SceneDelegate.swift */,
				A206BA1D2A4547A7007592D4 /* Main.storyboard */,
				A24C75092A459C66008AFF91 /* DetailLifeFormViewController.swift */,
				A206BA2B2A454C10007592D4 /* SearchTableViewController.swift */,
				A24C750B2A45BB8F008AFF91 /* SearchModels.swift */,
				A24C750D2A45BBFC008AFF91 /* SearchModelsController.swift */,
				A206BA202A4547A8007592D4 /* Assets.xcassets */,
				A206BA222A4547A8007592D4 /* LaunchScreen.storyboard */,
				A206BA252A4547A8007592D4 /* Info.plist */,
			);
			path = LifeFormSearcher;
			sourceTree = "<group>";
		};
/* End PBXGroup section */

/* Begin PBXNativeTarget section */
		A206BA132A4547A7007592D4 /* LifeFormSearcher */ = {
			isa = PBXNativeTarget;
			buildConfigurationList = A206BA282A4547A9007592D4 /* Build configuration list for PBXNativeTarget "LifeFormSearcher" */;
			buildPhases = (
				A206BA102A4547A7007592D4 /* Sources */,
				A206BA112A4547A7007592D4 /* Frameworks */,
				A206BA122A4547A7007592D4 /* Resources */,
			);
			buildRules = (
			);
			dependencies = (
			);
			name = LifeFormSearcher;
			productName = LifeFormSearcher;
			productReference = A206BA142A4547A7007592D4 /* LifeFormSearcher.app */;
			productType = "com.apple.product-type.application";
		};
/* End PBXNativeTarget section */

/* Begin PBXProject section */
		A206BA0C2A4547A7007592D4 /* Project object */ = {
			isa = PBXProject;
			attributes = {
				BuildIndependentTargetsInParallel = 1;
				LastSwiftUpdateCheck = 1430;
				LastUpgradeCheck = 1430;
				TargetAttributes = {
					A206BA132A4547A7007592D4 = {
						CreatedOnToolsVersion = 14.3;
					};
				};
			};
			buildConfigurationList = A206BA0F2A4547A7007592D4 /* Build configuration list for PBXProject "LifeFormSearcher" */;
			compatibilityVersion = "Xcode 14.0";
			developmentRegion = en;
			hasScannedForEncodings = 0;
			knownRegions = (
				en,
				Base,
			);
			mainGroup = A206BA0B2A4547A7007592D4;
			productRefGroup = A206BA152A4547A7007592D4 /* Products */;
			projectDirPath = "";
			projectRoot = "";
			targets = (
				A206BA132A4547A7007592D4 /* LifeFormSearcher */,
			);
		};
/* End PBXProject section */

/* Begin PBXResourcesBuildPhase section */
		A206BA122A4547A7007592D4 /* Resources */ = {
			isa = PBXResourcesBuildPhase;
			buildActionMask = 2147483647;
			files = (
				A206BA242A4547A8007592D4 /* LaunchScreen.storyboard in Resources */,
				A206BA212A4547A8007592D4 /* Assets.xcassets in Resources */,
				A206BA1F2A4547A7007592D4 /* Main.storyboard in Resources */,
			);
			runOnlyForDeploymentPostprocessing = 0;
		};
/* End PBXResourcesBuildPhase section */

/* Begin PBXSourcesBuildPhase section */
		A206BA102A4547A7007592D4 /* Sources */ = {
			isa = PBXSourcesBuildPhase;
			buildActionMask = 2147483647;
			files = (
				A206BA182A4547A7007592D4 /* AppDelegate.swift in Sources */,
				A206BA2C2A454C10007592D4 /* SearchTableViewController.swift in Sources */,
				A206BA1A2A4547A7007592D4 /* SceneDelegate.swift in Sources */,
				A24C750A2A459C66008AFF91 /* DetailLifeFormViewController.swift in Sources */,
				A24C750C2A45BB8F008AFF91 /* SearchModels.swift in Sources */,
				A24C750E2A45BBFC008AFF91 /* SearchModelsController.swift in Sources */,
			);
			runOnlyForDeploymentPostprocessing = 0;
		};
/* End PBXSourcesBuildPhase section */

/* Begin PBXVariantGroup section */
		A206BA1D2A4547A7007592D4 /* Main.storyboard */ = {
			isa = PBXVariantGroup;
			children = (
				A206BA1E2A4547A7007592D4 /* Base */,
			);
			name = Main.storyboard;
			sourceTree = "<group>";
		};
		A206BA222A4547A8007592D4 /* LaunchScreen.storyboard */ = {
			isa = PBXVariantGroup;
			children = (
				A206BA232A4547A8007592D4 /* Base */,
			);
			name = LaunchScreen.storyboard;
			sourceTree = "<group>";
		};
/* End PBXVariantGroup section */

/* Begin XCBuildConfiguration section */
		A206BA262A4547A8007592D4 /* Debug */ = {
			isa = XCBuildConfiguration;
			buildSettings = {
				ALWAYS_SEARCH_USER_PATHS = NO;
				CLANG_ANALYZER_NONNULL = YES;
				CLANG_ANALYZER_NUMBER_OBJECT_CONVERSION = YES_AGGRESSIVE;
				CLANG_CXX_LANGUAGE_STANDARD = "gnu++20";
				CLANG_ENABLE_MODULES = YES;
				CLANG_ENABLE_OBJC_ARC = YES;
				CLANG_ENABLE_OBJC_WEAK = YES;
				CLANG_WARN_BLOCK_CAPTURE_AUTORELEASING = YES;
				CLANG_WARN_BOOL_CONVERSION = YES;
				CLANG_WARN_COMMA = YES;
				CLANG_WARN_CONSTANT_CONVERSION = YES;
				CLANG_WARN_DEPRECATED_OBJC_IMPLEMENTATIONS = YES;
				CLANG_WARN_DIRECT_OBJC_ISA_USAGE = YES_ERROR;
				CLANG_WARN_DOCUMENTATION_COMMENTS = YES;
				CLANG_WARN_EMPTY_BODY = YES;
				CLANG_WARN_ENUM_CONVERSION = YES;
				CLANG_WARN_INFINITE_RECURSION = YES;
				CLANG_WARN_INT_CONVERSION = YES;
				CLANG_WARN_NON_LITERAL_NULL_CONVERSION = YES;
				CLANG_WARN_OBJC_IMPLICIT_RETAIN_SELF = YES;
				CLANG_WARN_OBJC_LITERAL_CONVERSION = YES;
				CLANG_WARN_OBJC_ROOT_CLASS = YES_ERROR;
				CLANG_WARN_QUOTED_INCLUDE_IN_FRAMEWORK_HEADER = YES;
				CLANG_WARN_RANGE_LOOP_ANALYSIS = YES;
				CLANG_WARN_STRICT_PROTOTYPES = YES;
				CLANG_WARN_SUSPICIOUS_MOVE = YES;
				CLANG_WARN_UNGUARDED_AVAILABILITY = YES_AGGRESSIVE;
				CLANG_WARN_UNREACHABLE_CODE = YES;
				CLANG_WARN__DUPLICATE_METHOD_MATCH = YES;
				COPY_PHASE_STRIP = NO;
				DEBUG_INFORMATION_FORMAT = dwarf;
				ENABLE_STRICT_OBJC_MSGSEND = YES;
				ENABLE_TESTABILITY = YES;
				GCC_C_LANGUAGE_STANDARD = gnu11;
				GCC_DYNAMIC_NO_PIC = NO;
				GCC_NO_COMMON_BLOCKS = YES;
				GCC_OPTIMIZATION_LEVEL = 0;
				GCC_PREPROCESSOR_DEFINITIONS = (
					"DEBUG=1",
					"$(inherited)",
				);
				GCC_WARN_64_TO_32_BIT_CONVERSION = YES;
				GCC_WARN_ABOUT_RETURN_TYPE = YES_ERROR;
				GCC_WARN_UNDECLARED_SELECTOR = YES;
				GCC_WARN_UNINITIALIZED_AUTOS = YES_AGGRESSIVE;
				GCC_WARN_UNUSED_FUNCTION = YES;
				GCC_WARN_UNUSED_VARIABLE = YES;
				IPHONEOS_DEPLOYMENT_TARGET = 16.4;
				MTL_ENABLE_DEBUG_INFO = INCLUDE_SOURCE;
				MTL_FAST_MATH = YES;
				ONLY_ACTIVE_ARCH = YES;
				SDKROOT = iphoneos;
				SWIFT_ACTIVE_COMPILATION_CONDITIONS = DEBUG;
				SWIFT_OPTIMIZATION_LEVEL = "-Onone";
			};
			name = Debug;
		};
		A206BA272A4547A9007592D4 /* Release */ = {
			isa = XCBuildConfiguration;
			buildSettings = {
				ALWAYS_SEARCH_USER_PATHS = NO;
				CLANG_ANALYZER_NONNULL = YES;
				CLANG_ANALYZER_NUMBER_OBJECT_CONVERSION = YES_AGGRESSIVE;
				CLANG_CXX_LANGUAGE_STANDARD = "gnu++20";
				CLANG_ENABLE_MODULES = YES;
				CLANG_ENABLE_OBJC_ARC = YES;
				CLANG_ENABLE_OBJC_WEAK = YES;
				CLANG_WARN_BLOCK_CAPTURE_AUTORELEASING = YES;
				CLANG_WARN_BOOL_CONVERSION = YES;
				CLANG_WARN_COMMA = YES;
				CLANG_WARN_CONSTANT_CONVERSION = YES;
				CLANG_WARN_DEPRECATED_OBJC_IMPLEMENTATIONS = YES;
				CLANG_WARN_DIRECT_OBJC_ISA_USAGE = YES_ERROR;
				CLANG_WARN_DOCUMENTATION_COMMENTS = YES;
				CLANG_WARN_EMPTY_BODY = YES;
				CLANG_WARN_ENUM_CONVERSION = YES;
				CLANG_WARN_INFINITE_RECURSION = YES;
				CLANG_WARN_INT_CONVERSION = YES;
				CLANG_WARN_NON_LITERAL_NULL_CONVERSION = YES;
				CLANG_WARN_OBJC_IMPLICIT_RETAIN_SELF = YES;
				CLANG_WARN_OBJC_LITERAL_CONVERSION = YES;
				CLANG_WARN_OBJC_ROOT_CLASS = YES_ERROR;
				CLANG_WARN_QUOTED_INCLUDE_IN_FRAMEWORK_HEADER = YES;
				CLANG_WARN_RANGE_LOOP_ANALYSIS = YES;
				CLANG_WARN_STRICT_PROTOTYPES = YES;
				CLANG_WARN_SUSPICIOUS_MOVE = YES;
				CLANG_WARN_UNGUARDED_AVAILABILITY = YES_AGGRESSIVE;
				CLANG_WARN_UNREACHABLE_CODE = YES;
				CLANG_WARN__DUPLICATE_METHOD_MATCH = YES;
				COPY_PHASE_STRIP = NO;
				DEBUG_INFORMATION_FORMAT = "dwarf-with-dsym";
				ENABLE_NS_ASSERTIONS = NO;
				ENABLE_STRICT_OBJC_MSGSEND = YES;
				GCC_C_LANGUAGE_STANDARD = gnu11;
				GCC_NO_COMMON_BLOCKS = YES;
				GCC_WARN_64_TO_32_BIT_CONVERSION = YES;
				GCC_WARN_ABOUT_RETURN_TYPE = YES_ERROR;
				GCC_WARN_UNDECLARED_SELECTOR = YES;
				GCC_WARN_UNINITIALIZED_AUTOS = YES_AGGRESSIVE;
				GCC_WARN_UNUSED_FUNCTION = YES;
				GCC_WARN_UNUSED_VARIABLE = YES;
				IPHONEOS_DEPLOYMENT_TARGET = 16.4;
				MTL_ENABLE_DEBUG_INFO = NO;
				MTL_FAST_MATH = YES;
				SDKROOT = iphoneos;
				SWIFT_COMPILATION_MODE = wholemodule;
				SWIFT_OPTIMIZATION_LEVEL = "-O";
				VALIDATE_PRODUCT = YES;
			};
			name = Release;
		};
		A206BA292A4547A9007592D4 /* Debug */ = {
			isa = XCBuildConfiguration;
			buildSettings = {
				ASSETCATALOG_COMPILER_APPICON_NAME = AppIcon;
				ASSETCATALOG_COMPILER_GLOBAL_ACCENT_COLOR_NAME = AccentColor;
				CODE_SIGN_STYLE = Automatic;
				CURRENT_PROJECT_VERSION = 1;
				DEVELOPMENT_TEAM = Z4582C4FY5;
				GENERATE_INFOPLIST_FILE = YES;
				INFOPLIST_FILE = LifeFormSearcher/Info.plist;
				INFOPLIST_KEY_UIApplicationSupportsIndirectInputEvents = YES;
				INFOPLIST_KEY_UILaunchStoryboardName = LaunchScreen;
				INFOPLIST_KEY_UIMainStoryboardFile = Main;
				INFOPLIST_KEY_UISupportedInterfaceOrientations_iPad = "UIInterfaceOrientationPortrait UIInterfaceOrientationPortraitUpsideDown UIInterfaceOrientationLandscapeLeft UIInterfaceOrientationLandscapeRight";
				INFOPLIST_KEY_UISupportedInterfaceOrientations_iPhone = "UIInterfaceOrientationPortrait UIInterfaceOrientationLandscapeLeft UIInterfaceOrientationLandscapeRight";
				LD_RUNPATH_SEARCH_PATHS = (
					"$(inherited)",
					"@executable_path/Frameworks",
				);
				MARKETING_VERSION = 1.0;
				PRODUCT_BUNDLE_IDENTIFIER = com.torhovenkov.LifeFormSearcher;
				PRODUCT_NAME = "$(TARGET_NAME)";
				SWIFT_EMIT_LOC_STRINGS = YES;
				SWIFT_VERSION = 5.0;
				TARGETED_DEVICE_FAMILY = "1,2";
			};
			name = Debug;
		};
		A206BA2A2A4547A9007592D4 /* Release */ = {
			isa = XCBuildConfiguration;
			buildSettings = {
				ASSETCATALOG_COMPILER_APPICON_NAME = AppIcon;
				ASSETCATALOG_COMPILER_GLOBAL_ACCENT_COLOR_NAME = AccentColor;
				CODE_SIGN_STYLE = Automatic;
				CURRENT_PROJECT_VERSION = 1;
				DEVELOPMENT_TEAM = Z4582C4FY5;
				GENERATE_INFOPLIST_FILE = YES;
				INFOPLIST_FILE = LifeFormSearcher/Info.plist;
				INFOPLIST_KEY_UIApplicationSupportsIndirectInputEvents = YES;
				INFOPLIST_KEY_UILaunchStoryboardName = LaunchScreen;
				INFOPLIST_KEY_UIMainStoryboardFile = Main;
				INFOPLIST_KEY_UISupportedInterfaceOrientations_iPad = "UIInterfaceOrientationPortrait UIInterfaceOrientationPortraitUpsideDown UIInterfaceOrientationLandscapeLeft UIInterfaceOrientationLandscapeRight";
				INFOPLIST_KEY_UISupportedInterfaceOrientations_iPhone = "UIInterfaceOrientationPortrait UIInterfaceOrientationLandscapeLeft UIInterfaceOrientationLandscapeRight";
				LD_RUNPATH_SEARCH_PATHS = (
					"$(inherited)",
					"@executable_path/Frameworks",
				);
				MARKETING_VERSION = 1.0;
				PRODUCT_BUNDLE_IDENTIFIER = com.torhovenkov.LifeFormSearcher;
				PRODUCT_NAME = "$(TARGET_NAME)";
				SWIFT_EMIT_LOC_STRINGS = YES;
				SWIFT_VERSION = 5.0;
				TARGETED_DEVICE_FAMILY = "1,2";
			};
			name = Release;
		};
/* End XCBuildConfiguration section */

/* Begin XCConfigurationList section */
		A206BA0F2A4547A7007592D4 /* Build configuration list for PBXProject "LifeFormSearcher" */ = {
			isa = XCConfigurationList;
			buildConfigurations = (
				A206BA262A4547A8007592D4 /* Debug */,
				A206BA272A4547A9007592D4 /* Release */,
			);
			defaultConfigurationIsVisible = 0;
			defaultConfigurationName = Release;
		};
		A206BA282A4547A9007592D4 /* Build configuration list for PBXNativeTarget "LifeFormSearcher" */ = {
			isa = XCConfigurationList;
			buildConfigurations = (
				A206BA292A4547A9007592D4 /* Debug */,
				A206BA2A2A4547A9007592D4 /* Release */,
			);
			defaultConfigurationIsVisible = 0;
			defaultConfigurationName = Release;
		};
/* End XCConfigurationList section */
	};
	rootObject = A206BA0C2A4547A7007592D4 /* Project object */;
}
